
Microsoft Visual Studio Solution File, Format Version 12.00
# Visual Studio Version 17
VisualStudioVersion = 17.7.34031.279
MinimumVisualStudioVersion = 10.0.40219.1
Project("{54A90642-561A-4BB1-A94E-469ADEE60C69}") = "ChartGenerator", "ChartGenerator\ChartGenerator.esproj", "{AB7CB563-DEB5-4432-9A07-9E9E78F9671E}"
EndProject
Global
	GlobalSection(SolutionConfigurationPlatforms) = preSolution
		Debug|Any CPU = Debug|Any CPU
		Release|Any CPU = Release|Any CPU
	EndGlobalSection
	GlobalSection(ProjectConfigurationPlatforms) = postSolution
		{AB7CB563-DEB5-4432-9A07-9E9E78F9671E}.Debug|Any CPU.ActiveCfg = Debug|Any CPU
		{AB7CB563-DEB5-4432-9A07-9E9E78F9671E}.Debug|Any CPU.Build.0 = Debug|Any CPU
		{AB7CB563-DEB5-4432-9A07-9E9E78F9671E}.Debug|Any CPU.Deploy.0 = Debug|Any CPU
		{AB7CB563-DEB5-4432-9A07-9E9E78F9671E}.Release|Any CPU.ActiveCfg = Release|Any CPU
		{AB7CB563-DEB5-4432-9A07-9E9E78F9671E}.Release|Any CPU.Build.0 = Release|Any CPU
		{AB7CB563-DEB5-4432-9A07-9E9E78F9671E}.Release|Any CPU.Deploy.0 = Release|Any CPU
	EndGlobalSection
	GlobalSection(SolutionProperties) = preSolution
		HideSolutionNode = FALSE
	EndGlobalSection
	GlobalSection(ExtensibilityGlobals) = postSolution
		SolutionGuid = {3BDAC958-BDC2-49D2-A72A-D8428AB57EFB}
	EndGlobalSection
EndGlobal
